// !$*UTF8*$!
{
	archiveVersion = 1;
	classes = {
	};
	objectVersion = 48;
	objects = {

/* Begin PBXBuildFile section */
		EE171C6B1FA991F900C1D7A2 /* AppDelegate.swift in Sources */ = {isa = PBXBuildFile; fileRef = EE171C6A1FA991F900C1D7A2 /* AppDelegate.swift */; };
		EE171C6D1FA991F900C1D7A2 /* ViewController.swift in Sources */ = {isa = PBXBuildFile; fileRef = EE171C6C1FA991F900C1D7A2 /* ViewController.swift */; };
		EE171C701FA991F900C1D7A2 /* Main.storyboard in Resources */ = {isa = PBXBuildFile; fileRef = EE171C6E1FA991F900C1D7A2 /* Main.storyboard */; };
		EE171C721FA991F900C1D7A2 /* Assets.xcassets in Resources */ = {isa = PBXBuildFile; fileRef = EE171C711FA991F900C1D7A2 /* Assets.xcassets */; };
		EE171C751FA991F900C1D7A2 /* LaunchScreen.storyboard in Resources */ = {isa = PBXBuildFile; fileRef = EE171C731FA991F900C1D7A2 /* LaunchScreen.storyboard */; };
		EE171C801FA991F900C1D7A2 /* Passwordhacker2Tests.swift in Sources */ = {isa = PBXBuildFile; fileRef = EE171C7F1FA991F900C1D7A2 /* Passwordhacker2Tests.swift */; };
		EE171C8B1FA991F900C1D7A2 /* Passwordhacker2UITests.swift in Sources */ = {isa = PBXBuildFile; fileRef = EE171C8A1FA991F900C1D7A2 /* Passwordhacker2UITests.swift */; };
/* End PBXBuildFile section */

/* Begin PBXContainerItemProxy section */
		EE171C7C1FA991F900C1D7A2 /* PBXContainerItemProxy */ = {
			isa = PBXContainerItemProxy;
			containerPortal = EE171C5F1FA991F900C1D7A2 /* Project object */;
			proxyType = 1;
			remoteGlobalIDString = EE171C661FA991F900C1D7A2;
			remoteInfo = Passwordhacker2;
		};
		EE171C871FA991F900C1D7A2 /* PBXContainerItemProxy */ = {
			isa = PBXContainerItemProxy;
			containerPortal = EE171C5F1FA991F900C1D7A2 /* Project object */;
			proxyType = 1;
			remoteGlobalIDString = EE171C661FA991F900C1D7A2;
			remoteInfo = Passwordhacker2;
		};
/* End PBXContainerItemProxy section */

/* Begin PBXFileReference section */
		EE171C671FA991F900C1D7A2 /* Passwordhacker2.app */ = {isa = PBXFileReference; explicitFileType = wrapper.application; includeInIndex = 0; path = Passwordhacker2.app; sourceTree = BUILT_PRODUCTS_DIR; };
		EE171C6A1FA991F900C1D7A2 /* AppDelegate.swift */ = {isa = PBXFileReference; lastKnownFileType = sourcecode.swift; path = AppDelegate.swift; sourceTree = "<group>"; };
		EE171C6C1FA991F900C1D7A2 /* ViewController.swift */ = {isa = PBXFileReference; lastKnownFileType = sourcecode.swift; path = ViewController.swift; sourceTree = "<group>"; };
		EE171C6F1FA991F900C1D7A2 /* Base */ = {isa = PBXFileReference; lastKnownFileType = file.storyboard; name = Base; path = Base.lproj/Main.storyboard; sourceTree = "<group>"; };
		EE171C711FA991F900C1D7A2 /* Assets.xcassets */ = {isa = PBXFileReference; lastKnownFileType = folder.assetcatalog; path = Assets.xcassets; sourceTree = "<group>"; };
		EE171C741FA991F900C1D7A2 /* Base */ = {isa = PBXFileReference; lastKnownFileType = file.storyboard; name = Base; path = Base.lproj/LaunchScreen.storyboard; sourceTree = "<group>"; };
		EE171C761FA991F900C1D7A2 /* Info.plist */ = {isa = PBXFileReference; lastKnownFileType = text.plist.xml; path = Info.plist; sourceTree = "<group>"; };
		EE171C7B1FA991F900C1D7A2 /* Passwordhacker2Tests.xctest */ = {isa = PBXFileReference; explicitFileType = wrapper.cfbundle; includeInIndex = 0; path = Passwordhacker2Tests.xctest; sourceTree = BUILT_PRODUCTS_DIR; };
		EE171C7F1FA991F900C1D7A2 /* Passwordhacker2Tests.swift */ = {isa = PBXFileReference; lastKnownFileType = sourcecode.swift; path = Passwordhacker2Tests.swift; sourceTree = "<group>"; };
		EE171C811FA991F900C1D7A2 /* Info.plist */ = {isa = PBXFileReference; lastKnownFileType = text.plist.xml; path = Info.plist; sourceTree = "<group>"; };
		EE171C861FA991F900C1D7A2 /* Passwordhacker2UITests.xctest */ = {isa = PBXFileReference; explicitFileType = wrapper.cfbundle; includeInIndex = 0; path = Passwordhacker2UITests.xctest; sourceTree = BUILT_PRODUCTS_DIR; };
		EE171C8A1FA991F900C1D7A2 /* Passwordhacker2UITests.swift */ = {isa = PBXFileReference; lastKnownFileType = sourcecode.swift; path = Passwordhacker2UITests.swift; sourceTree = "<group>"; };
		EE171C8C1FA991F900C1D7A2 /* Info.plist */ = {isa = PBXFileReference; lastKnownFileType = text.plist.xml; path = Info.plist; sourceTree = "<group>"; };
/* End PBXFileReference section */

/* Begin PBXFrameworksBuildPhase section */
		EE171C641FA991F900C1D7A2 /* Frameworks */ = {
			isa = PBXFrameworksBuildPhase;
			buildActionMask = 2147483647;
			files = (
			);
			runOnlyForDeploymentPostprocessing = 0;
		};
		EE171C781FA991F900C1D7A2 /* Frameworks */ = {
			isa = PBXFrameworksBuildPhase;
			buildActionMask = 2147483647;
			files = (
			);
			runOnlyForDeploymentPostprocessing = 0;
		};
		EE171C831FA991F900C1D7A2 /* Frameworks */ = {
			isa = PBXFrameworksBuildPhase;
			buildActionMask = 2147483647;
			files = (
			);
			runOnlyForDeploymentPostprocessing = 0;
		};
/* End PBXFrameworksBuildPhase section */

/* Begin PBXGroup section */
		EE171C5E1FA991F900C1D7A2 = {
			isa = PBXGroup;
			children = (
				EE171C691FA991F900C1D7A2 /* Passwordhacker2 */,
				EE171C7E1FA991F900C1D7A2 /* Passwordhacker2Tests */,
				EE171C891FA991F900C1D7A2 /* Passwordhacker2UITests */,
				EE171C681FA991F900C1D7A2 /* Products */,
			);
			sourceTree = "<group>";
		};
		EE171C681FA991F900C1D7A2 /* Products */ = {
			isa = PBXGroup;
			children = (
				EE171C671FA991F900C1D7A2 /* Passwordhacker2.app */,
				EE171C7B1FA991F900C1D7A2 /* Passwordhacker2Tests.xctest */,
				EE171C861FA991F900C1D7A2 /* Passwordhacker2UITests.xctest */,
			);
			name = Products;
			sourceTree = "<group>";
		};
		EE171C691FA991F900C1D7A2 /* Passwordhacker2 */ = {
			isa = PBXGroup;
			children = (
				EE171C6A1FA991F900C1D7A2 /* AppDelegate.swift */,
				EE171C6C1FA991F900C1D7A2 /* ViewController.swift */,
				EE171C6E1FA991F900C1D7A2 /* Main.storyboard */,
				EE171C711FA991F900C1D7A2 /* Assets.xcassets */,
				EE171C731FA991F900C1D7A2 /* LaunchScreen.storyboard */,
				EE171C761FA991F900C1D7A2 /* Info.plist */,
			);
			path = Passwordhacker2;
			sourceTree = "<group>";
		};
		EE171C7E1FA991F900C1D7A2 /* Passwordhacker2Tests */ = {
			isa = PBXGroup;
			children = (
				EE171C7F1FA991F900C1D7A2 /* Passwordhacker2Tests.swift */,
				EE171C811FA991F900C1D7A2 /* Info.plist */,
			);
			path = Passwordhacker2Tests;
			sourceTree = "<group>";
		};
		EE171C891FA991F900C1D7A2 /* Passwordhacker2UITests */ = {
			isa = PBXGroup;
			children = (
				EE171C8A1FA991F900C1D7A2 /* Passwordhacker2UITests.swift */,
				EE171C8C1FA991F900C1D7A2 /* Info.plist */,
			);
			path = Passwordhacker2UITests;
			sourceTree = "<group>";
		};
/* End PBXGroup section */

/* Begin PBXNativeTarget section */
		EE171C661FA991F900C1D7A2 /* Passwordhacker2 */ = {
			isa = PBXNativeTarget;
			buildConfigurationList = EE171C8F1FA991F900C1D7A2 /* Build configuration list for PBXNativeTarget "Passwordhacker2" */;
			buildPhases = (
				EE171C631FA991F900C1D7A2 /* Sources */,
				EE171C641FA991F900C1D7A2 /* Frameworks */,
				EE171C651FA991F900C1D7A2 /* Resources */,
			);
			buildRules = (
			);
			dependencies = (
			);
			name = Passwordhacker2;
			productName = Passwordhacker2;
			productReference = EE171C671FA991F900C1D7A2 /* Passwordhacker2.app */;
			productType = "com.apple.product-type.application";
		};
		EE171C7A1FA991F900C1D7A2 /* Passwordhacker2Tests */ = {
			isa = PBXNativeTarget;
			buildConfigurationList = EE171C921FA991F900C1D7A2 /* Build configuration list for PBXNativeTarget "Passwordhacker2Tests" */;
			buildPhases = (
				EE171C771FA991F900C1D7A2 /* Sources */,
				EE171C781FA991F900C1D7A2 /* Frameworks */,
				EE171C791FA991F900C1D7A2 /* Resources */,
			);
			buildRules = (
			);
			dependencies = (
				EE171C7D1FA991F900C1D7A2 /* PBXTargetDependency */,
			);
			name = Passwordhacker2Tests;
			productName = Passwordhacker2Tests;
			productReference = EE171C7B1FA991F900C1D7A2 /* Passwordhacker2Tests.xctest */;
			productType = "com.apple.product-type.bundle.unit-test";
		};
		EE171C851FA991F900C1D7A2 /* Passwordhacker2UITests */ = {
			isa = PBXNativeTarget;
			buildConfigurationList = EE171C951FA991F900C1D7A2 /* Build configuration list for PBXNativeTarget "Passwordhacker2UITests" */;
			buildPhases = (
				EE171C821FA991F900C1D7A2 /* Sources */,
				EE171C831FA991F900C1D7A2 /* Frameworks */,
				EE171C841FA991F900C1D7A2 /* Resources */,
			);
			buildRules = (
			);
			dependencies = (
				EE171C881FA991F900C1D7A2 /* PBXTargetDependency */,
			);
			name = Passwordhacker2UITests;
			productName = Passwordhacker2UITests;
			productReference = EE171C861FA991F900C1D7A2 /* Passwordhacker2UITests.xctest */;
			productType = "com.apple.product-type.bundle.ui-testing";
		};
/* End PBXNativeTarget section */

/* Begin PBXProject section */
		EE171C5F1FA991F900C1D7A2 /* Project object */ = {
			isa = PBXProject;
			attributes = {
				LastSwiftUpdateCheck = 0900;
				LastUpgradeCheck = 0900;
				ORGANIZATIONNAME = "Maho Misumi";
				TargetAttributes = {
					EE171C661FA991F900C1D7A2 = {
						CreatedOnToolsVersion = 9.0;
						ProvisioningStyle = Automatic;
					};
					EE171C7A1FA991F900C1D7A2 = {
						CreatedOnToolsVersion = 9.0;
						ProvisioningStyle = Automatic;
						TestTargetID = EE171C661FA991F900C1D7A2;
					};
					EE171C851FA991F900C1D7A2 = {
						CreatedOnToolsVersion = 9.0;
						ProvisioningStyle = Automatic;
						TestTargetID = EE171C661FA991F900C1D7A2;
					};
				};
			};
			buildConfigurationList = EE171C621FA991F900C1D7A2 /* Build configuration list for PBXProject "Passwordhacker2" */;
			compatibilityVersion = "Xcode 8.0";
			developmentRegion = en;
			hasScannedForEncodings = 0;
			knownRegions = (
				en,
				Base,
			);
			mainGroup = EE171C5E1FA991F900C1D7A2;
			productRefGroup = EE171C681FA991F900C1D7A2 /* Products */;
			projectDirPath = "";
			projectRoot = "";
			targets = (
				EE171C661FA991F900C1D7A2 /* Passwordhacker2 */,
				EE171C7A1FA991F900C1D7A2 /* Passwordhacker2Tests */,
				EE171C851FA991F900C1D7A2 /* Passwordhacker2UITests */,
			);
		};
/* End PBXProject section */

/* Begin PBXResourcesBuildPhase section */
		EE171C651FA991F900C1D7A2 /* Resources */ = {
			isa = PBXResourcesBuildPhase;
			buildActionMask = 2147483647;
			files = (
				EE171C751FA991F900C1D7A2 /* LaunchScreen.storyboard in Resources */,
				EE171C721FA991F900C1D7A2 /* Assets.xcassets in Resources */,
				EE171C701FA991F900C1D7A2 /* Main.storyboard in Resources */,
			);
			runOnlyForDeploymentPostprocessing = 0;
		};
		EE171C791FA991F900C1D7A2 /* Resources */ = {
			isa = PBXResourcesBuildPhase;
			buildActionMask = 2147483647;
			files = (
			);
			runOnlyForDeploymentPostprocessing = 0;
		};
		EE171C841FA991F900C1D7A2 /* Resources */ = {
			isa = PBXResourcesBuildPhase;
			buildActionMask = 2147483647;
			files = (
			);
			runOnlyForDeploymentPostprocessing = 0;
		};
/* End PBXResourcesBuildPhase section */

/* Begin PBXSourcesBuildPhase section */
		EE171C631FA991F900C1D7A2 /* Sources */ = {
			isa = PBXSourcesBuildPhase;
			buildActionMask = 2147483647;
			files = (
				EE171C6D1FA991F900C1D7A2 /* ViewController.swift in Sources */,
				EE171C6B1FA991F900C1D7A2 /* AppDelegate.swift in Sources */,
			);
			runOnlyForDeploymentPostprocessing = 0;
		};
		EE171C771FA991F900C1D7A2 /* Sources */ = {
			isa = PBXSourcesBuildPhase;
			buildActionMask = 2147483647;
			files = (
				EE171C801FA991F900C1D7A2 /* Passwordhacker2Tests.swift in Sources */,
			);
			runOnlyForDeploymentPostprocessing = 0;
		};
		EE171C821FA991F900C1D7A2 /* Sources */ = {
			isa = PBXSourcesBuildPhase;
			buildActionMask = 2147483647;
			files = (
				EE171C8B1FA991F900C1D7A2 /* Passwordhacker2UITests.swift in Sources */,
			);
			runOnlyForDeploymentPostprocessing = 0;
		};
/* End PBXSourcesBuildPhase section */

/* Begin PBXTargetDependency section */
		EE171C7D1FA991F900C1D7A2 /* PBXTargetDependency */ = {
			isa = PBXTargetDependency;
			target = EE171C661FA991F900C1D7A2 /* Passwordhacker2 */;
			targetProxy = EE171C7C1FA991F900C1D7A2 /* PBXContainerItemProxy */;
		};
		EE171C881FA991F900C1D7A2 /* PBXTargetDependency */ = {
			isa = PBXTargetDependency;
			target = EE171C661FA991F900C1D7A2 /* Passwordhacker2 */;
			targetProxy = EE171C871FA991F900C1D7A2 /* PBXContainerItemProxy */;
		};
/* End PBXTargetDependency section */

/* Begin PBXVariantGroup section */
		EE171C6E1FA991F900C1D7A2 /* Main.storyboard */ = {
			isa = PBXVariantGroup;
			children = (
				EE171C6F1FA991F900C1D7A2 /* Base */,
			);
			name = Main.storyboard;
			sourceTree = "<group>";
		};
		EE171C731FA991F900C1D7A2 /* LaunchScreen.storyboard */ = {
			isa = PBXVariantGroup;
			children = (
				EE171C741FA991F900C1D7A2 /* Base */,
			);
			name = LaunchScreen.storyboard;
			sourceTree = "<group>";
		};
/* End PBXVariantGroup section */

/* Begin XCBuildConfiguration section */
		EE171C8D1FA991F900C1D7A2 /* Debug */ = {
			isa = XCBuildConfiguration;
			buildSettings = {
				ALWAYS_SEARCH_USER_PATHS = NO;
				CLANG_ANALYZER_NONNULL = YES;
				CLANG_ANALYZER_NUMBER_OBJECT_CONVERSION = YES_AGGRESSIVE;
				CLANG_CXX_LANGUAGE_STANDARD = "gnu++14";
				CLANG_CXX_LIBRARY = "libc++";
				CLANG_ENABLE_MODULES = YES;
				CLANG_ENABLE_OBJC_ARC = YES;
				CLANG_WARN_BLOCK_CAPTURE_AUTORELEASING = YES;
				CLANG_WARN_BOOL_CONVERSION = YES;
				CLANG_WARN_COMMA = YES;
				CLANG_WARN_CONSTANT_CONVERSION = YES;
				CLANG_WARN_DIRECT_OBJC_ISA_USAGE = YES_ERROR;
				CLANG_WARN_DOCUMENTATION_COMMENTS = YES;
				CLANG_WARN_EMPTY_BODY = YES;
				CLANG_WARN_ENUM_CONVERSION = YES;
				CLANG_WARN_INFINITE_RECURSION = YES;
				CLANG_WARN_INT_CONVERSION = YES;
				CLANG_WARN_NON_LITERAL_NULL_CONVERSION = YES;
				CLANG_WARN_OBJC_LITERAL_CONVERSION = YES;
				CLANG_WARN_OBJC_ROOT_CLASS = YES_ERROR;
				CLANG_WARN_RANGE_LOOP_ANALYSIS = YES;
				CLANG_WARN_STRICT_PROTOTYPES = YES;
				CLANG_WARN_SUSPICIOUS_MOVE = YES;
				CLANG_WARN_UNGUARDED_AVAILABILITY = YES_AGGRESSIVE;
				CLANG_WARN_UNREACHABLE_CODE = YES;
				CLANG_WARN__DUPLICATE_METHOD_MATCH = YES;
				CODE_SIGN_IDENTITY = "iPhone Developer";
				COPY_PHASE_STRIP = NO;
				DEBUG_INFORMATION_FORMAT = dwarf;
				ENABLE_STRICT_OBJC_MSGSEND = YES;
				ENABLE_TESTABILITY = YES;
				GCC_C_LANGUAGE_STANDARD = gnu11;
				GCC_DYNAMIC_NO_PIC = NO;
				GCC_NO_COMMON_BLOCKS = YES;
				GCC_OPTIMIZATION_LEVEL = 0;
				GCC_PREPROCESSOR_DEFINITIONS = (
					"DEBUG=1",
					"$(inherited)",
				);
				GCC_WARN_64_TO_32_BIT_CONVERSION = YES;
				GCC_WARN_ABOUT_RETURN_TYPE = YES_ERROR;
				GCC_WARN_UNDECLARED_SELECTOR = YES;
				GCC_WARN_UNINITIALIZED_AUTOS = YES_AGGRESSIVE;
				GCC_WARN_UNUSED_FUNCTION = YES;
				GCC_WARN_UNUSED_VARIABLE = YES;
				IPHONEOS_DEPLOYMENT_TARGET = 11.0;
				MTL_ENABLE_DEBUG_INFO = YES;
				ONLY_ACTIVE_ARCH = YES;
				SDKROOT = iphoneos;
				SWIFT_ACTIVE_COMPILATION_CONDITIONS = DEBUG;
				SWIFT_OPTIMIZATION_LEVEL = "-Onone";
			};
			name = Debug;
		};
		EE171C8E1FA991F900C1D7A2 /* Release */ = {
			isa = XCBuildConfiguration;
			buildSettings = {
				ALWAYS_SEARCH_USER_PATHS = NO;
				CLANG_ANALYZER_NONNULL = YES;
				CLANG_ANALYZER_NUMBER_OBJECT_CONVERSION = YES_AGGRESSIVE;
				CLANG_CXX_LANGUAGE_STANDARD = "gnu++14";
				CLANG_CXX_LIBRARY = "libc++";
				CLANG_ENABLE_MODULES = YES;
				CLANG_ENABLE_OBJC_ARC = YES;
				CLANG_WARN_BLOCK_CAPTURE_AUTORELEASING = YES;
				CLANG_WARN_BOOL_CONVERSION = YES;
				CLANG_WARN_COMMA = YES;
				CLANG_WARN_CONSTANT_CONVERSION = YES;
				CLANG_WARN_DIRECT_OBJC_ISA_USAGE = YES_ERROR;
				CLANG_WARN_DOCUMENTATION_COMMENTS = YES;
				CLANG_WARN_EMPTY_BODY = YES;
				CLANG_WARN_ENUM_CONVERSION = YES;
				CLANG_WARN_INFINITE_RECURSION = YES;
				CLANG_WARN_INT_CONVERSION = YES;
				CLANG_WARN_NON_LITERAL_NULL_CONVERSION = YES;
				CLANG_WARN_OBJC_LITERAL_CONVERSION = YES;
				CLANG_WARN_OBJC_ROOT_CLASS = YES_ERROR;
				CLANG_WARN_RANGE_LOOP_ANALYSIS = YES;
				CLANG_WARN_STRICT_PROTOTYPES = YES;
				CLANG_WARN_SUSPICIOUS_MOVE = YES;
				CLANG_WARN_UNGUARDED_AVAILABILITY = YES_AGGRESSIVE;
				CLANG_WARN_UNREACHABLE_CODE = YES;
				CLANG_WARN__DUPLICATE_METHOD_MATCH = YES;
				CODE_SIGN_IDENTITY = "iPhone Developer";
				COPY_PHASE_STRIP = NO;
				DEBUG_INFORMATION_FORMAT = "dwarf-with-dsym";
				ENABLE_NS_ASSERTIONS = NO;
				ENABLE_STRICT_OBJC_MSGSEND = YES;
				GCC_C_LANGUAGE_STANDARD = gnu11;
				GCC_NO_COMMON_BLOCKS = YES;
				GCC_WARN_64_TO_32_BIT_CONVERSION = YES;
				GCC_WARN_ABOUT_RETURN_TYPE = YES_ERROR;
				GCC_WARN_UNDECLARED_SELECTOR = YES;
				GCC_WARN_UNINITIALIZED_AUTOS = YES_AGGRESSIVE;
				GCC_WARN_UNUSED_FUNCTION = YES;
				GCC_WARN_UNUSED_VARIABLE = YES;
				IPHONEOS_DEPLOYMENT_TARGET = 11.0;
				MTL_ENABLE_DEBUG_INFO = NO;
				SDKROOT = iphoneos;
				SWIFT_OPTIMIZATION_LEVEL = "-Owholemodule";
				VALIDATE_PRODUCT = YES;
			};
			name = Release;
		};
		EE171C901FA991F900C1D7A2 /* Debug */ = {
			isa = XCBuildConfiguration;
			buildSettings = {
				ASSETCATALOG_COMPILER_APPICON_NAME = AppIcon;
				CODE_SIGN_STYLE = Automatic;
				INFOPLIST_FILE = Passwordhacker2/Info.plist;
				LD_RUNPATH_SEARCH_PATHS = "$(inherited) @executable_path/Frameworks";
				PRODUCT_BUNDLE_IDENTIFIER = maho.com.Passwordhacker2;
				PRODUCT_NAME = "$(TARGET_NAME)";
				SWIFT_VERSION = 4.0;
				TARGETED_DEVICE_FAMILY = "1,2";
			};
			name = Debug;
		};
		EE171C911FA991F900C1D7A2 /* Release */ = {
			isa = XCBuildConfiguration;
			buildSettings = {
				ASSETCATALOG_COMPILER_APPICON_NAME = AppIcon;
				CODE_SIGN_STYLE = Automatic;
				INFOPLIST_FILE = Passwordhacker2/Info.plist;
				LD_RUNPATH_SEARCH_PATHS = "$(inherited) @executable_path/Frameworks";
				PRODUCT_BUNDLE_IDENTIFIER = maho.com.Passwordhacker2;
				PRODUCT_NAME = "$(TARGET_NAME)";
				SWIFT_VERSION = 4.0;
				TARGETED_DEVICE_FAMILY = "1,2";
			};
			name = Release;
		};
		EE171C931FA991F900C1D7A2 /* Debug */ = {
			isa = XCBuildConfiguration;
			buildSettings = {
				ALWAYS_EMBED_SWIFT_STANDARD_LIBRARIES = YES;
				BUNDLE_LOADER = "$(TEST_HOST)";
				CODE_SIGN_STYLE = Automatic;
				INFOPLIST_FILE = Passwordhacker2Tests/Info.plist;
				LD_RUNPATH_SEARCH_PATHS = "$(inherited) @executable_path/Frameworks @loader_path/Frameworks";
				PRODUCT_BUNDLE_IDENTIFIER = maho.com.Passwordhacker2Tests;
				PRODUCT_NAME = "$(TARGET_NAME)";
				SWIFT_VERSION = 4.0;
				TARGETED_DEVICE_FAMILY = "1,2";
				TEST_HOST = "$(BUILT_PRODUCTS_DIR)/Passwordhacker2.app/Passwordhacker2";
			};
			name = Debug;
		};
		EE171C941FA991F900C1D7A2 /* Release */ = {
			isa = XCBuildConfiguration;
			buildSettings = {
				ALWAYS_EMBED_SWIFT_STANDARD_LIBRARIES = YES;
				BUNDLE_LOADER = "$(TEST_HOST)";
				CODE_SIGN_STYLE = Automatic;
				INFOPLIST_FILE = Passwordhacker2Tests/Info.plist;
				LD_RUNPATH_SEARCH_PATHS = "$(inherited) @executable_path/Frameworks @loader_path/Frameworks";
				PRODUCT_BUNDLE_IDENTIFIER = maho.com.Passwordhacker2Tests;
				PRODUCT_NAME = "$(TARGET_NAME)";
				SWIFT_VERSION = 4.0;
				TARGETED_DEVICE_FAMILY = "1,2";
				TEST_HOST = "$(BUILT_PRODUCTS_DIR)/Passwordhacker2.app/Passwordhacker2";
			};
			name = Release;
		};
		EE171C961FA991F900C1D7A2 /* Debug */ = {
			isa = XCBuildConfiguration;
			buildSettings = {
				ALWAYS_EMBED_SWIFT_STANDARD_LIBRARIES = YES;
				CODE_SIGN_STYLE = Automatic;
				INFOPLIST_FILE = Passwordhacker2UITests/Info.plist;
				LD_RUNPATH_SEARCH_PATHS = "$(inherited) @executable_path/Frameworks @loader_path/Frameworks";
				PRODUCT_BUNDLE_IDENTIFIER = maho.com.Passwordhacker2UITests;
				PRODUCT_NAME = "$(TARGET_NAME)";
				SWIFT_VERSION = 4.0;
				TARGETED_DEVICE_FAMILY = "1,2";
				TEST_TARGET_NAME = Passwordhacker2;
			};
			name = Debug;
		};
		EE171C971FA991F900C1D7A2 /* Release */ = {
			isa = XCBuildConfiguration;
			buildSettings = {
				ALWAYS_EMBED_SWIFT_STANDARD_LIBRARIES = YES;
				CODE_SIGN_STYLE = Automatic;
				INFOPLIST_FILE = Passwordhacker2UITests/Info.plist;
				LD_RUNPATH_SEARCH_PATHS = "$(inherited) @executable_path/Frameworks @loader_path/Frameworks";
				PRODUCT_BUNDLE_IDENTIFIER = maho.com.Passwordhacker2UITests;
				PRODUCT_NAME = "$(TARGET_NAME)";
				SWIFT_VERSION = 4.0;
				TARGETED_DEVICE_FAMILY = "1,2";
				TEST_TARGET_NAME = Passwordhacker2;
			};
			name = Release;
		};
/* End XCBuildConfiguration section */

/* Begin XCConfigurationList section */
		EE171C621FA991F900C1D7A2 /* Build configuration list for PBXProject "Passwordhacker2" */ = {
			isa = XCConfigurationList;
			buildConfigurations = (
				EE171C8D1FA991F900C1D7A2 /* Debug */,
				EE171C8E1FA991F900C1D7A2 /* Release */,
			);
			defaultConfigurationIsVisible = 0;
			defaultConfigurationName = Release;
		};
		EE171C8F1FA991F900C1D7A2 /* Build configuration list for PBXNativeTarget "Passwordhacker2" */ = {
			isa = XCConfigurationList;
			buildConfigurations = (
				EE171C901FA991F900C1D7A2 /* Debug */,
				EE171C911FA991F900C1D7A2 /* Release */,
			);
			defaultConfigurationIsVisible = 0;
			defaultConfigurationName = Release;
		};
		EE171C921FA991F900C1D7A2 /* Build configuration list for PBXNativeTarget "Passwordhacker2Tests" */ = {
			isa = XCConfigurationList;
			buildConfigurations = (
				EE171C931FA991F900C1D7A2 /* Debug */,
				EE171C941FA991F900C1D7A2 /* Release */,
			);
			defaultConfigurationIsVisible = 0;
			defaultConfigurationName = Release;
		};
		EE171C951FA991F900C1D7A2 /* Build configuration list for PBXNativeTarget "Passwordhacker2UITests" */ = {
			isa = XCConfigurationList;
			buildConfigurations = (
				EE171C961FA991F900C1D7A2 /* Debug */,
				EE171C971FA991F900C1D7A2 /* Release */,
			);
			defaultConfigurationIsVisible = 0;
			defaultConfigurationName = Release;
		};
/* End XCConfigurationList section */
	};
	rootObject = EE171C5F1FA991F900C1D7A2 /* Project object */;
}
